// !$*UTF8*$!
{
	archiveVersion = 1;
	classes = {
	};
	objectVersion = 56;
	objects = {

/* Begin PBXBuildFile section */
		4D898F0129F2EF550042C407 /* AppDelegate.swift in Sources */ = {isa = PBXBuildFile; fileRef = 4D898F0029F2EF550042C407 /* AppDelegate.swift */; };
		4D898F0529F2EF550042C407 /* ViewController.swift in Sources */ = {isa = PBXBuildFile; fileRef = 4D898F0429F2EF550042C407 /* ViewController.swift */; };
		4D898F0829F2EF550042C407 /* Main.storyboard in Resources */ = {isa = PBXBuildFile; fileRef = 4D898F0629F2EF550042C407 /* Main.storyboard */; };
		4D898F0A29F2EF560042C407 /* Assets.xcassets in Resources */ = {isa = PBXBuildFile; fileRef = 4D898F0929F2EF560042C407 /* Assets.xcassets */; };
		4D898F0D29F2EF560042C407 /* LaunchScreen.storyboard in Resources */ = {isa = PBXBuildFile; fileRef = 4D898F0B29F2EF560042C407 /* LaunchScreen.storyboard */; };
		4D898F1829F2EF560042C407 /* MVVMRxSwiftTests.swift in Sources */ = {isa = PBXBuildFile; fileRef = 4D898F1729F2EF560042C407 /* MVVMRxSwiftTests.swift */; };
		4D898F2229F2EF560042C407 /* MVVMRxSwiftUITests.swift in Sources */ = {isa = PBXBuildFile; fileRef = 4D898F2129F2EF560042C407 /* MVVMRxSwiftUITests.swift */; };
		4D898F2429F2EF560042C407 /* MVVMRxSwiftUITestsLaunchTests.swift in Sources */ = {isa = PBXBuildFile; fileRef = 4D898F2329F2EF560042C407 /* MVVMRxSwiftUITestsLaunchTests.swift */; };
		4D898F3A29F3824E0042C407 /* TopViewModel.swift in Sources */ = {isa = PBXBuildFile; fileRef = 4D898F3929F3824E0042C407 /* TopViewModel.swift */; };
		4D898F3C29F382870042C407 /* MainViewController.swift in Sources */ = {isa = PBXBuildFile; fileRef = 4D898F3B29F382870042C407 /* MainViewController.swift */; };
		4D898F4129F3888F0042C407 /* BaseNavigationViewController.swift in Sources */ = {isa = PBXBuildFile; fileRef = 4D898F4029F3888F0042C407 /* BaseNavigationViewController.swift */; };
		4D898F4429F38A050042C407 /* Setting.storyboard in Resources */ = {isa = PBXBuildFile; fileRef = 4D898F4329F38A050042C407 /* Setting.storyboard */; };
		4D898F4629F38A830042C407 /* Storyboard.swift in Sources */ = {isa = PBXBuildFile; fileRef = 4D898F4529F38A830042C407 /* Storyboard.swift */; };
		4D898F4829F38AC70042C407 /* Top.storyboard in Resources */ = {isa = PBXBuildFile; fileRef = 4D898F4729F38AC70042C407 /* Top.storyboard */; };
		4D898F4A29F38AE00042C407 /* TopViewController.swift in Sources */ = {isa = PBXBuildFile; fileRef = 4D898F4929F38ADF0042C407 /* TopViewController.swift */; };
		4D898F4C29F38B460042C407 /* SettingViewController.swift in Sources */ = {isa = PBXBuildFile; fileRef = 4D898F4B29F38B460042C407 /* SettingViewController.swift */; };
		4D898F4E29F38B690042C407 /* Constant.swift in Sources */ = {isa = PBXBuildFile; fileRef = 4D898F4D29F38B690042C407 /* Constant.swift */; };
		4D898F5029F38B700042C407 /* EnumDefine.swift in Sources */ = {isa = PBXBuildFile; fileRef = 4D898F4F29F38B700042C407 /* EnumDefine.swift */; };
		4D898F5329F38BEF0042C407 /* BaseViewController.swift in Sources */ = {isa = PBXBuildFile; fileRef = 4D898F5229F38BEF0042C407 /* BaseViewController.swift */; };
		4D898F5629F38DDB0042C407 /* UIFont+.swift in Sources */ = {isa = PBXBuildFile; fileRef = 4D898F5529F38DDB0042C407 /* UIFont+.swift */; };
		4D898F5829F38E790042C407 /* ViewManager.swift in Sources */ = {isa = PBXBuildFile; fileRef = 4D898F5729F38E790042C407 /* ViewManager.swift */; };
		4D898F5A29F38E910042C407 /* ApplicationUtil.swift in Sources */ = {isa = PBXBuildFile; fileRef = 4D898F5929F38E910042C407 /* ApplicationUtil.swift */; };
		4D898F5C29F38F5B0042C407 /* UIViewController+.swift in Sources */ = {isa = PBXBuildFile; fileRef = 4D898F5B29F38F5B0042C407 /* UIViewController+.swift */; };
		4D898F5E29F38FA60042C407 /* LocalizableString.swift in Sources */ = {isa = PBXBuildFile; fileRef = 4D898F5D29F38FA60042C407 /* LocalizableString.swift */; };
		4D898F6029F391030042C407 /* UIApplication+.swift in Sources */ = {isa = PBXBuildFile; fileRef = 4D898F5F29F391030042C407 /* UIApplication+.swift */; };
		4D898F6929F39EA60042C407 /* Localizable.strings in Resources */ = {isa = PBXBuildFile; fileRef = 4D898F6B29F39EA70042C407 /* Localizable.strings */; };
		4D898F7029F3A19F0042C407 /* Localizable.swift in Sources */ = {isa = PBXBuildFile; fileRef = 4D898F6E29F3A19F0042C407 /* Localizable.swift */; };
		4D898F7129F3A19F0042C407 /* Assets.swift in Sources */ = {isa = PBXBuildFile; fileRef = 4D898F6F29F3A19F0042C407 /* Assets.swift */; };
		4D898F7429F3D6AB0042C407 /* API.swift in Sources */ = {isa = PBXBuildFile; fileRef = 4D898F7329F3D6AB0042C407 /* API.swift */; };
		4D898F7629F3D7840042C407 /* APIProvider.swift in Sources */ = {isa = PBXBuildFile; fileRef = 4D898F7529F3D7840042C407 /* APIProvider.swift */; };
		4D898F7929F3D8360042C407 /* PhotosAPI.swift in Sources */ = {isa = PBXBuildFile; fileRef = 4D898F7829F3D8360042C407 /* PhotosAPI.swift */; };
		4D898F7B29F3D8750042C407 /* Photo.swift in Sources */ = {isa = PBXBuildFile; fileRef = 4D898F7A29F3D8750042C407 /* Photo.swift */; };
		4D898F8329F417630042C407 /* PhotoCollectionViewCell.swift in Sources */ = {isa = PBXBuildFile; fileRef = 4D898F8129F417630042C407 /* PhotoCollectionViewCell.swift */; };
		4D898F8429F417630042C407 /* PhotoCollectionViewCell.xib in Resources */ = {isa = PBXBuildFile; fileRef = 4D898F8229F417630042C407 /* PhotoCollectionViewCell.xib */; };
		4D898F8629F418120042C407 /* UICollectionView+.swift in Sources */ = {isa = PBXBuildFile; fileRef = 4D898F8529F418120042C407 /* UICollectionView+.swift */; };
		4D898F9229F41B0B0042C407 /* RxCollectionViewSkeletonedReloadDataSource.swift in Sources */ = {isa = PBXBuildFile; fileRef = 4D898F8829F41B0B0042C407 /* RxCollectionViewSkeletonedReloadDataSource.swift */; };
		4D898F9329F41B0B0042C407 /* RxSkeleton.swift in Sources */ = {isa = PBXBuildFile; fileRef = 4D898F8929F41B0B0042C407 /* RxSkeleton.swift */; };
		4D898F9429F41B0B0042C407 /* RxTableViewSkeletonedAnimatedDataSource.swift in Sources */ = {isa = PBXBuildFile; fileRef = 4D898F8A29F41B0B0042C407 /* RxTableViewSkeletonedAnimatedDataSource.swift */; };
		4D898F9529F41B0B0042C407 /* RxTableViewSkeletonedReloadDataSource.swift in Sources */ = {isa = PBXBuildFile; fileRef = 4D898F8B29F41B0B0042C407 /* RxTableViewSkeletonedReloadDataSource.swift */; };
		4D898F9629F41B0B0042C407 /* UITableView+Rx.swift in Sources */ = {isa = PBXBuildFile; fileRef = 4D898F8C29F41B0B0042C407 /* UITableView+Rx.swift */; };
		4D898F9729F41B0B0042C407 /* ObservableType+Ex.swift in Sources */ = {isa = PBXBuildFile; fileRef = 4D898F8D29F41B0B0042C407 /* ObservableType+Ex.swift */; };
		4D898F9829F41B0B0042C407 /* RxTableViewSkeletonedDataSourceProxy.swift in Sources */ = {isa = PBXBuildFile; fileRef = 4D898F8E29F41B0B0042C407 /* RxTableViewSkeletonedDataSourceProxy.swift */; };
		4D898F9929F41B0B0042C407 /* RxCollectionViewSkeletonedDataSourceProxy.swift in Sources */ = {isa = PBXBuildFile; fileRef = 4D898F8F29F41B0B0042C407 /* RxCollectionViewSkeletonedDataSourceProxy.swift */; };
		4D898F9A29F41B0B0042C407 /* RxCollectionViewSkeletonedAnimatedDataSource.swift in Sources */ = {isa = PBXBuildFile; fileRef = 4D898F9029F41B0B0042C407 /* RxCollectionViewSkeletonedAnimatedDataSource.swift */; };
		4D898F9B29F41B0B0042C407 /* UICollectionView+Rx.swift in Sources */ = {isa = PBXBuildFile; fileRef = 4D898F9129F41B0B0042C407 /* UICollectionView+Rx.swift */; };
		4D898F9F29F423560042C407 /* UIImageView+.swift in Sources */ = {isa = PBXBuildFile; fileRef = 4D898F9E29F423560042C407 /* UIImageView+.swift */; };
		4D898FB729F4E1100042C407 /* BouncyLayout.swift in Sources */ = {isa = PBXBuildFile; fileRef = 4D898FB629F4E1100042C407 /* BouncyLayout.swift */; };
		4D898FB929F52FCD0042C407 /* ErrorTracker.swift in Sources */ = {isa = PBXBuildFile; fileRef = 4D898FB829F52FCD0042C407 /* ErrorTracker.swift */; };
		4D898FBB29F532E70042C407 /* Observable+.swift in Sources */ = {isa = PBXBuildFile; fileRef = 4D898FBA29F532E70042C407 /* Observable+.swift */; };
		4D898FBD29F54B3A0042C407 /* ActivityIndicator.swift in Sources */ = {isa = PBXBuildFile; fileRef = 4D898FBC29F54B3A0042C407 /* ActivityIndicator.swift */; };
		4D898FBF29F55F240042C407 /* ViewModelType.swift in Sources */ = {isa = PBXBuildFile; fileRef = 4D898FBE29F55F240042C407 /* ViewModelType.swift */; };
		4DC3C9F829F60E53006A4E67 /* AppShareData.swift in Sources */ = {isa = PBXBuildFile; fileRef = 4DC3C9F029F60E53006A4E67 /* AppShareData.swift */; };
		4DC3C9F929F60E53006A4E67 /* LocalNetworkAuthorization.swift in Sources */ = {isa = PBXBuildFile; fileRef = 4DC3C9F129F60E53006A4E67 /* LocalNetworkAuthorization.swift */; };
		4DC3C9FC29F60E53006A4E67 /* NetworkConnection.swift in Sources */ = {isa = PBXBuildFile; fileRef = 4DC3C9F429F60E53006A4E67 /* NetworkConnection.swift */; };
		4DC3C9FD29F60E53006A4E67 /* NumberUtil.swift in Sources */ = {isa = PBXBuildFile; fileRef = 4DC3C9F529F60E53006A4E67 /* NumberUtil.swift */; };
		4DC3CA0129F60F0F006A4E67 /* Date+.swift in Sources */ = {isa = PBXBuildFile; fileRef = 4DC3CA0029F60F0F006A4E67 /* Date+.swift */; };
		542F94E0D0481FC965E8E68B /* Pods_MVVMRxSwiftTests.framework in Frameworks */ = {isa = PBXBuildFile; fileRef = D7CDB3C1EB9C85B1E82AD1C7 /* Pods_MVVMRxSwiftTests.framework */; };
		90C8553AA244046FCF986C06 /* Pods_MVVMRxSwift.framework in Frameworks */ = {isa = PBXBuildFile; fileRef = 8AAFF2DFA46505A591894775 /* Pods_MVVMRxSwift.framework */; };
		F4213CBEFF576BEF090EB308 /* Pods_MVVMRxSwift_MVVMRxSwiftUITests.framework in Frameworks */ = {isa = PBXBuildFile; fileRef = E9930F6770D92125C6738656 /* Pods_MVVMRxSwift_MVVMRxSwiftUITests.framework */; };
/* End PBXBuildFile section */

/* Begin PBXContainerItemProxy section */
		4D898F1429F2EF560042C407 /* PBXContainerItemProxy */ = {
			isa = PBXContainerItemProxy;
			containerPortal = 4D898EF529F2EF550042C407 /* Project object */;
			proxyType = 1;
			remoteGlobalIDString = 4D898EFC29F2EF550042C407;
			remoteInfo = MVVMRxSwift;
		};
		4D898F1E29F2EF560042C407 /* PBXContainerItemProxy */ = {
			isa = PBXContainerItemProxy;
			containerPortal = 4D898EF529F2EF550042C407 /* Project object */;
			proxyType = 1;
			remoteGlobalIDString = 4D898EFC29F2EF550042C407;
			remoteInfo = MVVMRxSwift;
		};
/* End PBXContainerItemProxy section */

/* Begin PBXFileReference section */
		1375637BB9C7470FC165789C /* Pods-MVVMRxSwift-MVVMRxSwiftUITests.debug.xcconfig */ = {isa = PBXFileReference; includeInIndex = 1; lastKnownFileType = text.xcconfig; name = "Pods-MVVMRxSwift-MVVMRxSwiftUITests.debug.xcconfig"; path = "Target Support Files/Pods-MVVMRxSwift-MVVMRxSwiftUITests/Pods-MVVMRxSwift-MVVMRxSwiftUITests.debug.xcconfig"; sourceTree = "<group>"; };
		1B59CF1780079AFC112821DC /* Pods-MVVMRxSwiftTests.debug.xcconfig */ = {isa = PBXFileReference; includeInIndex = 1; lastKnownFileType = text.xcconfig; name = "Pods-MVVMRxSwiftTests.debug.xcconfig"; path = "Target Support Files/Pods-MVVMRxSwiftTests/Pods-MVVMRxSwiftTests.debug.xcconfig"; sourceTree = "<group>"; };
		479F76FA92FBF4889010A5CC /* Pods-MVVMRxSwift.debug.xcconfig */ = {isa = PBXFileReference; includeInIndex = 1; lastKnownFileType = text.xcconfig; name = "Pods-MVVMRxSwift.debug.xcconfig"; path = "Target Support Files/Pods-MVVMRxSwift/Pods-MVVMRxSwift.debug.xcconfig"; sourceTree = "<group>"; };
		4D898EFD29F2EF550042C407 /* MVVMRxSwift.app */ = {isa = PBXFileReference; explicitFileType = wrapper.application; includeInIndex = 0; path = MVVMRxSwift.app; sourceTree = BUILT_PRODUCTS_DIR; };
		4D898F0029F2EF550042C407 /* AppDelegate.swift */ = {isa = PBXFileReference; lastKnownFileType = sourcecode.swift; path = AppDelegate.swift; sourceTree = "<group>"; };
		4D898F0429F2EF550042C407 /* ViewController.swift */ = {isa = PBXFileReference; lastKnownFileType = sourcecode.swift; path = ViewController.swift; sourceTree = "<group>"; };
		4D898F0729F2EF550042C407 /* Base */ = {isa = PBXFileReference; lastKnownFileType = file.storyboard; name = Base; path = Base.lproj/Main.storyboard; sourceTree = "<group>"; };
		4D898F0929F2EF560042C407 /* Assets.xcassets */ = {isa = PBXFileReference; lastKnownFileType = folder.assetcatalog; path = Assets.xcassets; sourceTree = "<group>"; };
		4D898F0C29F2EF560042C407 /* Base */ = {isa = PBXFileReference; lastKnownFileType = file.storyboard; name = Base; path = Base.lproj/LaunchScreen.storyboard; sourceTree = "<group>"; };
		4D898F0E29F2EF560042C407 /* Info.plist */ = {isa = PBXFileReference; lastKnownFileType = text.plist.xml; path = Info.plist; sourceTree = "<group>"; };
		4D898F1329F2EF560042C407 /* MVVMRxSwiftTests.xctest */ = {isa = PBXFileReference; explicitFileType = wrapper.cfbundle; includeInIndex = 0; path = MVVMRxSwiftTests.xctest; sourceTree = BUILT_PRODUCTS_DIR; };
		4D898F1729F2EF560042C407 /* MVVMRxSwiftTests.swift */ = {isa = PBXFileReference; lastKnownFileType = sourcecode.swift; path = MVVMRxSwiftTests.swift; sourceTree = "<group>"; };
		4D898F1D29F2EF560042C407 /* MVVMRxSwiftUITests.xctest */ = {isa = PBXFileReference; explicitFileType = wrapper.cfbundle; includeInIndex = 0; path = MVVMRxSwiftUITests.xctest; sourceTree = BUILT_PRODUCTS_DIR; };
		4D898F2129F2EF560042C407 /* MVVMRxSwiftUITests.swift */ = {isa = PBXFileReference; lastKnownFileType = sourcecode.swift; path = MVVMRxSwiftUITests.swift; sourceTree = "<group>"; };
		4D898F2329F2EF560042C407 /* MVVMRxSwiftUITestsLaunchTests.swift */ = {isa = PBXFileReference; lastKnownFileType = sourcecode.swift; path = MVVMRxSwiftUITestsLaunchTests.swift; sourceTree = "<group>"; };
		4D898F3929F3824E0042C407 /* TopViewModel.swift */ = {isa = PBXFileReference; lastKnownFileType = sourcecode.swift; path = TopViewModel.swift; sourceTree = "<group>"; };
		4D898F3B29F382870042C407 /* MainViewController.swift */ = {isa = PBXFileReference; lastKnownFileType = sourcecode.swift; path = MainViewController.swift; sourceTree = "<group>"; };
		4D898F4029F3888F0042C407 /* BaseNavigationViewController.swift */ = {isa = PBXFileReference; lastKnownFileType = sourcecode.swift; path = BaseNavigationViewController.swift; sourceTree = "<group>"; };
		4D898F4329F38A050042C407 /* Setting.storyboard */ = {isa = PBXFileReference; lastKnownFileType = file.storyboard; path = Setting.storyboard; sourceTree = "<group>"; };
		4D898F4529F38A830042C407 /* Storyboard.swift */ = {isa = PBXFileReference; lastKnownFileType = sourcecode.swift; path = Storyboard.swift; sourceTree = "<group>"; };
		4D898F4729F38AC70042C407 /* Top.storyboard */ = {isa = PBXFileReference; lastKnownFileType = file.storyboard; path = Top.storyboard; sourceTree = "<group>"; };
		4D898F4929F38ADF0042C407 /* TopViewController.swift */ = {isa = PBXFileReference; lastKnownFileType = sourcecode.swift; path = TopViewController.swift; sourceTree = "<group>"; };
		4D898F4B29F38B460042C407 /* SettingViewController.swift */ = {isa = PBXFileReference; lastKnownFileType = sourcecode.swift; path = SettingViewController.swift; sourceTree = "<group>"; };
		4D898F4D29F38B690042C407 /* Constant.swift */ = {isa = PBXFileReference; lastKnownFileType = sourcecode.swift; path = Constant.swift; sourceTree = "<group>"; };
		4D898F4F29F38B700042C407 /* EnumDefine.swift */ = {isa = PBXFileReference; lastKnownFileType = sourcecode.swift; path = EnumDefine.swift; sourceTree = "<group>"; };
		4D898F5229F38BEF0042C407 /* BaseViewController.swift */ = {isa = PBXFileReference; lastKnownFileType = sourcecode.swift; path = BaseViewController.swift; sourceTree = "<group>"; };
		4D898F5529F38DDB0042C407 /* UIFont+.swift */ = {isa = PBXFileReference; lastKnownFileType = sourcecode.swift; path = "UIFont+.swift"; sourceTree = "<group>"; };
		4D898F5729F38E790042C407 /* ViewManager.swift */ = {isa = PBXFileReference; lastKnownFileType = sourcecode.swift; path = ViewManager.swift; sourceTree = "<group>"; };
		4D898F5929F38E910042C407 /* ApplicationUtil.swift */ = {isa = PBXFileReference; lastKnownFileType = sourcecode.swift; path = ApplicationUtil.swift; sourceTree = "<group>"; };
		4D898F5B29F38F5B0042C407 /* UIViewController+.swift */ = {isa = PBXFileReference; lastKnownFileType = sourcecode.swift; path = "UIViewController+.swift"; sourceTree = "<group>"; };
		4D898F5D29F38FA60042C407 /* LocalizableString.swift */ = {isa = PBXFileReference; lastKnownFileType = sourcecode.swift; path = LocalizableString.swift; sourceTree = "<group>"; };
		4D898F5F29F391030042C407 /* UIApplication+.swift */ = {isa = PBXFileReference; lastKnownFileType = sourcecode.swift; path = "UIApplication+.swift"; sourceTree = "<group>"; };
		4D898F6A29F39EA70042C407 /* ja */ = {isa = PBXFileReference; lastKnownFileType = text.plist.strings; name = ja; path = ja.lproj/Localizable.strings; sourceTree = "<group>"; };
		4D898F6C29F39EA90042C407 /* en */ = {isa = PBXFileReference; lastKnownFileType = text.plist.strings; name = en; path = en.lproj/Localizable.strings; sourceTree = "<group>"; };
		4D898F6E29F3A19F0042C407 /* Localizable.swift */ = {isa = PBXFileReference; fileEncoding = 4; lastKnownFileType = sourcecode.swift; path = Localizable.swift; sourceTree = "<group>"; };
		4D898F6F29F3A19F0042C407 /* Assets.swift */ = {isa = PBXFileReference; fileEncoding = 4; lastKnownFileType = sourcecode.swift; path = Assets.swift; sourceTree = "<group>"; };
		4D898F7329F3D6AB0042C407 /* API.swift */ = {isa = PBXFileReference; lastKnownFileType = sourcecode.swift; path = API.swift; sourceTree = "<group>"; };
		4D898F7529F3D7840042C407 /* APIProvider.swift */ = {isa = PBXFileReference; lastKnownFileType = sourcecode.swift; path = APIProvider.swift; sourceTree = "<group>"; };
		4D898F7829F3D8360042C407 /* PhotosAPI.swift */ = {isa = PBXFileReference; lastKnownFileType = sourcecode.swift; path = PhotosAPI.swift; sourceTree = "<group>"; };
		4D898F7A29F3D8750042C407 /* Photo.swift */ = {isa = PBXFileReference; lastKnownFileType = sourcecode.swift; path = Photo.swift; sourceTree = "<group>"; };
		4D898F8129F417630042C407 /* PhotoCollectionViewCell.swift */ = {isa = PBXFileReference; lastKnownFileType = sourcecode.swift; path = PhotoCollectionViewCell.swift; sourceTree = "<group>"; };
		4D898F8229F417630042C407 /* PhotoCollectionViewCell.xib */ = {isa = PBXFileReference; lastKnownFileType = file.xib; path = PhotoCollectionViewCell.xib; sourceTree = "<group>"; };
		4D898F8529F418120042C407 /* UICollectionView+.swift */ = {isa = PBXFileReference; lastKnownFileType = sourcecode.swift; path = "UICollectionView+.swift"; sourceTree = "<group>"; };
		4D898F8829F41B0B0042C407 /* RxCollectionViewSkeletonedReloadDataSource.swift */ = {isa = PBXFileReference; fileEncoding = 4; lastKnownFileType = sourcecode.swift; path = RxCollectionViewSkeletonedReloadDataSource.swift; sourceTree = "<group>"; };
		4D898F8929F41B0B0042C407 /* RxSkeleton.swift */ = {isa = PBXFileReference; fileEncoding = 4; lastKnownFileType = sourcecode.swift; path = RxSkeleton.swift; sourceTree = "<group>"; };
		4D898F8A29F41B0B0042C407 /* RxTableViewSkeletonedAnimatedDataSource.swift */ = {isa = PBXFileReference; fileEncoding = 4; lastKnownFileType = sourcecode.swift; path = RxTableViewSkeletonedAnimatedDataSource.swift; sourceTree = "<group>"; };
		4D898F8B29F41B0B0042C407 /* RxTableViewSkeletonedReloadDataSource.swift */ = {isa = PBXFileReference; fileEncoding = 4; lastKnownFileType = sourcecode.swift; path = RxTableViewSkeletonedReloadDataSource.swift; sourceTree = "<group>"; };
		4D898F8C29F41B0B0042C407 /* UITableView+Rx.swift */ = {isa = PBXFileReference; fileEncoding = 4; lastKnownFileType = sourcecode.swift; path = "UITableView+Rx.swift"; sourceTree = "<group>"; };
		4D898F8D29F41B0B0042C407 /* ObservableType+Ex.swift */ = {isa = PBXFileReference; fileEncoding = 4; lastKnownFileType = sourcecode.swift; path = "ObservableType+Ex.swift"; sourceTree = "<group>"; };
		4D898F8E29F41B0B0042C407 /* RxTableViewSkeletonedDataSourceProxy.swift */ = {isa = PBXFileReference; fileEncoding = 4; lastKnownFileType = sourcecode.swift; path = RxTableViewSkeletonedDataSourceProxy.swift; sourceTree = "<group>"; };
		4D898F8F29F41B0B0042C407 /* RxCollectionViewSkeletonedDataSourceProxy.swift */ = {isa = PBXFileReference; fileEncoding = 4; lastKnownFileType = sourcecode.swift; path = RxCollectionViewSkeletonedDataSourceProxy.swift; sourceTree = "<group>"; };
		4D898F9029F41B0B0042C407 /* RxCollectionViewSkeletonedAnimatedDataSource.swift */ = {isa = PBXFileReference; fileEncoding = 4; lastKnownFileType = sourcecode.swift; path = RxCollectionViewSkeletonedAnimatedDataSource.swift; sourceTree = "<group>"; };
		4D898F9129F41B0B0042C407 /* UICollectionView+Rx.swift */ = {isa = PBXFileReference; fileEncoding = 4; lastKnownFileType = sourcecode.swift; path = "UICollectionView+Rx.swift"; sourceTree = "<group>"; };
		4D898F9E29F423560042C407 /* UIImageView+.swift */ = {isa = PBXFileReference; lastKnownFileType = sourcecode.swift; path = "UIImageView+.swift"; sourceTree = "<group>"; };
		4D898FB629F4E1100042C407 /* BouncyLayout.swift */ = {isa = PBXFileReference; lastKnownFileType = sourcecode.swift; path = BouncyLayout.swift; sourceTree = "<group>"; };
		4D898FB829F52FCD0042C407 /* ErrorTracker.swift */ = {isa = PBXFileReference; lastKnownFileType = sourcecode.swift; path = ErrorTracker.swift; sourceTree = "<group>"; };
		4D898FBA29F532E70042C407 /* Observable+.swift */ = {isa = PBXFileReference; lastKnownFileType = sourcecode.swift; path = "Observable+.swift"; sourceTree = "<group>"; };
		4D898FBC29F54B3A0042C407 /* ActivityIndicator.swift */ = {isa = PBXFileReference; lastKnownFileType = sourcecode.swift; path = ActivityIndicator.swift; sourceTree = "<group>"; };
		4D898FBE29F55F240042C407 /* ViewModelType.swift */ = {isa = PBXFileReference; lastKnownFileType = sourcecode.swift; path = ViewModelType.swift; sourceTree = "<group>"; };
		4DC3C9F029F60E53006A4E67 /* AppShareData.swift */ = {isa = PBXFileReference; fileEncoding = 4; lastKnownFileType = sourcecode.swift; path = AppShareData.swift; sourceTree = "<group>"; };
		4DC3C9F129F60E53006A4E67 /* LocalNetworkAuthorization.swift */ = {isa = PBXFileReference; fileEncoding = 4; lastKnownFileType = sourcecode.swift; path = LocalNetworkAuthorization.swift; sourceTree = "<group>"; };
		4DC3C9F429F60E53006A4E67 /* NetworkConnection.swift */ = {isa = PBXFileReference; fileEncoding = 4; lastKnownFileType = sourcecode.swift; path = NetworkConnection.swift; sourceTree = "<group>"; };
		4DC3C9F529F60E53006A4E67 /* NumberUtil.swift */ = {isa = PBXFileReference; fileEncoding = 4; lastKnownFileType = sourcecode.swift; path = NumberUtil.swift; sourceTree = "<group>"; };
		4DC3CA0029F60F0F006A4E67 /* Date+.swift */ = {isa = PBXFileReference; lastKnownFileType = sourcecode.swift; path = "Date+.swift"; sourceTree = "<group>"; };
		723E2E465E303751DA9E186A /* Pods-MVVMRxSwift-MVVMRxSwiftUITests.release.xcconfig */ = {isa = PBXFileReference; includeInIndex = 1; lastKnownFileType = text.xcconfig; name = "Pods-MVVMRxSwift-MVVMRxSwiftUITests.release.xcconfig"; path = "Target Support Files/Pods-MVVMRxSwift-MVVMRxSwiftUITests/Pods-MVVMRxSwift-MVVMRxSwiftUITests.release.xcconfig"; sourceTree = "<group>"; };
		8AAFF2DFA46505A591894775 /* Pods_MVVMRxSwift.framework */ = {isa = PBXFileReference; explicitFileType = wrapper.framework; includeInIndex = 0; path = Pods_MVVMRxSwift.framework; sourceTree = BUILT_PRODUCTS_DIR; };
		B6B1C4D152814AAEDF0E4278 /* Pods-MVVMRxSwift.release.xcconfig */ = {isa = PBXFileReference; includeInIndex = 1; lastKnownFileType = text.xcconfig; name = "Pods-MVVMRxSwift.release.xcconfig"; path = "Target Support Files/Pods-MVVMRxSwift/Pods-MVVMRxSwift.release.xcconfig"; sourceTree = "<group>"; };
		D7CDB3C1EB9C85B1E82AD1C7 /* Pods_MVVMRxSwiftTests.framework */ = {isa = PBXFileReference; explicitFileType = wrapper.framework; includeInIndex = 0; path = Pods_MVVMRxSwiftTests.framework; sourceTree = BUILT_PRODUCTS_DIR; };
		E9930F6770D92125C6738656 /* Pods_MVVMRxSwift_MVVMRxSwiftUITests.framework */ = {isa = PBXFileReference; explicitFileType = wrapper.framework; includeInIndex = 0; path = Pods_MVVMRxSwift_MVVMRxSwiftUITests.framework; sourceTree = BUILT_PRODUCTS_DIR; };
		EADF7A0C10B433E2096C4276 /* Pods-MVVMRxSwiftTests.release.xcconfig */ = {isa = PBXFileReference; includeInIndex = 1; lastKnownFileType = text.xcconfig; name = "Pods-MVVMRxSwiftTests.release.xcconfig"; path = "Target Support Files/Pods-MVVMRxSwiftTests/Pods-MVVMRxSwiftTests.release.xcconfig"; sourceTree = "<group>"; };
/* End PBXFileReference section */

/* Begin PBXFrameworksBuildPhase section */
		4D898EFA29F2EF550042C407 /* Frameworks */ = {
			isa = PBXFrameworksBuildPhase;
			buildActionMask = 2147483647;
			files = (
				90C8553AA244046FCF986C06 /* Pods_MVVMRxSwift.framework in Frameworks */,
			);
			runOnlyForDeploymentPostprocessing = 0;
		};
		4D898F1029F2EF560042C407 /* Frameworks */ = {
			isa = PBXFrameworksBuildPhase;
			buildActionMask = 2147483647;
			files = (
				542F94E0D0481FC965E8E68B /* Pods_MVVMRxSwiftTests.framework in Frameworks */,
			);
			runOnlyForDeploymentPostprocessing = 0;
		};
		4D898F1A29F2EF560042C407 /* Frameworks */ = {
			isa = PBXFrameworksBuildPhase;
			buildActionMask = 2147483647;
			files = (
				F4213CBEFF576BEF090EB308 /* Pods_MVVMRxSwift_MVVMRxSwiftUITests.framework in Frameworks */,
			);
			runOnlyForDeploymentPostprocessing = 0;
		};
/* End PBXFrameworksBuildPhase section */

/* Begin PBXGroup section */
		08BB1F5477B6BA9CA732AB7E /* Pods */ = {
			isa = PBXGroup;
			children = (
				479F76FA92FBF4889010A5CC /* Pods-MVVMRxSwift.debug.xcconfig */,
				B6B1C4D152814AAEDF0E4278 /* Pods-MVVMRxSwift.release.xcconfig */,
				1375637BB9C7470FC165789C /* Pods-MVVMRxSwift-MVVMRxSwiftUITests.debug.xcconfig */,
				723E2E465E303751DA9E186A /* Pods-MVVMRxSwift-MVVMRxSwiftUITests.release.xcconfig */,
				1B59CF1780079AFC112821DC /* Pods-MVVMRxSwiftTests.debug.xcconfig */,
				EADF7A0C10B433E2096C4276 /* Pods-MVVMRxSwiftTests.release.xcconfig */,
			);
			path = Pods;
			sourceTree = "<group>";
		};
		4D898EF429F2EF550042C407 = {
			isa = PBXGroup;
			children = (
				4D898EFF29F2EF550042C407 /* MVVMRxSwift */,
				4D898F1629F2EF560042C407 /* MVVMRxSwiftTests */,
				4D898F2029F2EF560042C407 /* MVVMRxSwiftUITests */,
				4D898EFE29F2EF550042C407 /* Products */,
				08BB1F5477B6BA9CA732AB7E /* Pods */,
				F5FA66EA2AA8E4B9632B0A33 /* Frameworks */,
			);
			sourceTree = "<group>";
		};
		4D898EFE29F2EF550042C407 /* Products */ = {
			isa = PBXGroup;
			children = (
				4D898EFD29F2EF550042C407 /* MVVMRxSwift.app */,
				4D898F1329F2EF560042C407 /* MVVMRxSwiftTests.xctest */,
				4D898F1D29F2EF560042C407 /* MVVMRxSwiftUITests.xctest */,
			);
			name = Products;
			sourceTree = "<group>";
		};
		4D898EFF29F2EF550042C407 /* MVVMRxSwift */ = {
			isa = PBXGroup;
			children = (
				4D898F0E29F2EF560042C407 /* Info.plist */,
				4D898F6229F39CC70042C407 /* Resources */,
				4D898F3029F2F8FB0042C407 /* Sources */,
				4D898F0029F2EF550042C407 /* AppDelegate.swift */,
				4D898F0429F2EF550042C407 /* ViewController.swift */,
			);
			path = MVVMRxSwift;
			sourceTree = "<group>";
		};
		4D898F1629F2EF560042C407 /* MVVMRxSwiftTests */ = {
			isa = PBXGroup;
			children = (
				4D898F1729F2EF560042C407 /* MVVMRxSwiftTests.swift */,
			);
			path = MVVMRxSwiftTests;
			sourceTree = "<group>";
		};
		4D898F2029F2EF560042C407 /* MVVMRxSwiftUITests */ = {
			isa = PBXGroup;
			children = (
				4D898F2129F2EF560042C407 /* MVVMRxSwiftUITests.swift */,
				4D898F2329F2EF560042C407 /* MVVMRxSwiftUITestsLaunchTests.swift */,
			);
			path = MVVMRxSwiftUITests;
			sourceTree = "<group>";
		};
		4D898F3029F2F8FB0042C407 /* Sources */ = {
			isa = PBXGroup;
			children = (
				4D898F7229F3D48B0042C407 /* Network */,
				4D898F5429F38DCC0042C407 /* Extensions */,
				4D898F3D29F384790042C407 /* Controls */,
				4D898F3629F382140042C407 /* Models */,
				4D898F3329F2FB400042C407 /* Helpers */,
				4D898F3229F2FB350042C407 /* Screens */,
				4D898F3129F2FB270042C407 /* Define */,
			);
			path = Sources;
			sourceTree = "<group>";
		};
		4D898F3129F2FB270042C407 /* Define */ = {
			isa = PBXGroup;
			children = (
				4D898F4529F38A830042C407 /* Storyboard.swift */,
				4D898F4D29F38B690042C407 /* Constant.swift */,
				4D898F4F29F38B700042C407 /* EnumDefine.swift */,
			);
			path = Define;
			sourceTree = "<group>";
		};
		4D898F3229F2FB350042C407 /* Screens */ = {
			isa = PBXGroup;
			children = (
				4D898F5129F38BE20042C407 /* Base */,
				4D898F4229F389ED0042C407 /* Setting */,
				4D898F3529F37DE70042C407 /* Top */,
			);
			path = Screens;
			sourceTree = "<group>";
		};
		4D898F3329F2FB400042C407 /* Helpers */ = {
			isa = PBXGroup;
			children = (
				4DC3C9F029F60E53006A4E67 /* AppShareData.swift */,
				4DC3C9F129F60E53006A4E67 /* LocalNetworkAuthorization.swift */,
				4DC3C9F429F60E53006A4E67 /* NetworkConnection.swift */,
				4DC3C9F529F60E53006A4E67 /* NumberUtil.swift */,
				4D898F5729F38E790042C407 /* ViewManager.swift */,
				4D898F5929F38E910042C407 /* ApplicationUtil.swift */,
				4D898F5D29F38FA60042C407 /* LocalizableString.swift */,
				4D898FB829F52FCD0042C407 /* ErrorTracker.swift */,
				4D898FBC29F54B3A0042C407 /* ActivityIndicator.swift */,
				4D898FBE29F55F240042C407 /* ViewModelType.swift */,
			);
			path = Helpers;
			sourceTree = "<group>";
		};
		4D898F3429F2FB520042C407 /* APIs */ = {
			isa = PBXGroup;
			children = (
				4D898F7829F3D8360042C407 /* PhotosAPI.swift */,
			);
			path = APIs;
			sourceTree = "<group>";
		};
		4D898F3529F37DE70042C407 /* Top */ = {
			isa = PBXGroup;
			children = (
				4D898F3929F3824E0042C407 /* TopViewModel.swift */,
				4D898F4729F38AC70042C407 /* Top.storyboard */,
				4D898F4929F38ADF0042C407 /* TopViewController.swift */,
			);
			path = Top;
			sourceTree = "<group>";
		};
		4D898F3629F382140042C407 /* Models */ = {
			isa = PBXGroup;
			children = (
				4D898F7A29F3D8750042C407 /* Photo.swift */,
			);
			path = Models;
			sourceTree = "<group>";
		};
		4D898F3D29F384790042C407 /* Controls */ = {
			isa = PBXGroup;
			children = (
				4D898FB529F4E0FC0042C407 /* CollectionViewLayout */,
				4D898F8729F41A9F0042C407 /* RxSkeleton */,
				4D898F7C29F4172E0042C407 /* Top */,
			);
			path = Controls;
			sourceTree = "<group>";
		};
		4D898F4229F389ED0042C407 /* Setting */ = {
			isa = PBXGroup;
			children = (
				4D898F4329F38A050042C407 /* Setting.storyboard */,
				4D898F4B29F38B460042C407 /* SettingViewController.swift */,
			);
			path = Setting;
			sourceTree = "<group>";
		};
		4D898F5129F38BE20042C407 /* Base */ = {
			isa = PBXGroup;
			children = (
				4D898F3B29F382870042C407 /* MainViewController.swift */,
				4D898F4029F3888F0042C407 /* BaseNavigationViewController.swift */,
				4D898F5229F38BEF0042C407 /* BaseViewController.swift */,
			);
			path = Base;
			sourceTree = "<group>";
		};
		4D898F5429F38DCC0042C407 /* Extensions */ = {
			isa = PBXGroup;
			children = (
				4D898F5529F38DDB0042C407 /* UIFont+.swift */,
				4D898F5B29F38F5B0042C407 /* UIViewController+.swift */,
				4D898F5F29F391030042C407 /* UIApplication+.swift */,
				4D898F8529F418120042C407 /* UICollectionView+.swift */,
				4D898F9E29F423560042C407 /* UIImageView+.swift */,
				4D898FBA29F532E70042C407 /* Observable+.swift */,
				4DC3CA0029F60F0F006A4E67 /* Date+.swift */,
			);
			path = Extensions;
			sourceTree = "<group>";
		};
		4D898F6229F39CC70042C407 /* Resources */ = {
			isa = PBXGroup;
			children = (
				4D898F6D29F39F500042C407 /* Generated */,
				4D898F0629F2EF550042C407 /* Main.storyboard */,
				4D898F0929F2EF560042C407 /* Assets.xcassets */,
				4D898F0B29F2EF560042C407 /* LaunchScreen.storyboard */,
				4D898F6B29F39EA70042C407 /* Localizable.strings */,
			);
			path = Resources;
			sourceTree = "<group>";
		};
		4D898F6D29F39F500042C407 /* Generated */ = {
			isa = PBXGroup;
			children = (
				4D898F6F29F3A19F0042C407 /* Assets.swift */,
				4D898F6E29F3A19F0042C407 /* Localizable.swift */,
			);
			path = Generated;
			sourceTree = "<group>";
		};
		4D898F7229F3D48B0042C407 /* Network */ = {
			isa = PBXGroup;
			children = (
				4D898F7729F3D8180042C407 /* Base */,
				4D898F3429F2FB520042C407 /* APIs */,
			);
			path = Network;
			sourceTree = "<group>";
		};
		4D898F7729F3D8180042C407 /* Base */ = {
			isa = PBXGroup;
			children = (
				4D898F7329F3D6AB0042C407 /* API.swift */,
				4D898F7529F3D7840042C407 /* APIProvider.swift */,
			);
			path = Base;
			sourceTree = "<group>";
		};
		4D898F7C29F4172E0042C407 /* Top */ = {
			isa = PBXGroup;
			children = (
				4D898F8129F417630042C407 /* PhotoCollectionViewCell.swift */,
				4D898F8229F417630042C407 /* PhotoCollectionViewCell.xib */,
			);
			path = Top;
			sourceTree = "<group>";
		};
		4D898F8729F41A9F0042C407 /* RxSkeleton */ = {
			isa = PBXGroup;
			children = (
				4D898F8D29F41B0B0042C407 /* ObservableType+Ex.swift */,
				4D898F9029F41B0B0042C407 /* RxCollectionViewSkeletonedAnimatedDataSource.swift */,
				4D898F8F29F41B0B0042C407 /* RxCollectionViewSkeletonedDataSourceProxy.swift */,
				4D898F8829F41B0B0042C407 /* RxCollectionViewSkeletonedReloadDataSource.swift */,
				4D898F8929F41B0B0042C407 /* RxSkeleton.swift */,
				4D898F8A29F41B0B0042C407 /* RxTableViewSkeletonedAnimatedDataSource.swift */,
				4D898F8E29F41B0B0042C407 /* RxTableViewSkeletonedDataSourceProxy.swift */,
				4D898F8B29F41B0B0042C407 /* RxTableViewSkeletonedReloadDataSource.swift */,
				4D898F9129F41B0B0042C407 /* UICollectionView+Rx.swift */,
				4D898F8C29F41B0B0042C407 /* UITableView+Rx.swift */,
			);
			path = RxSkeleton;
			sourceTree = "<group>";
		};
		4D898FB529F4E0FC0042C407 /* CollectionViewLayout */ = {
			isa = PBXGroup;
			children = (
				4D898FB629F4E1100042C407 /* BouncyLayout.swift */,
			);
			path = CollectionViewLayout;
			sourceTree = "<group>";
		};
		F5FA66EA2AA8E4B9632B0A33 /* Frameworks */ = {
			isa = PBXGroup;
			children = (
				8AAFF2DFA46505A591894775 /* Pods_MVVMRxSwift.framework */,
				E9930F6770D92125C6738656 /* Pods_MVVMRxSwift_MVVMRxSwiftUITests.framework */,
				D7CDB3C1EB9C85B1E82AD1C7 /* Pods_MVVMRxSwiftTests.framework */,
			);
			name = Frameworks;
			sourceTree = "<group>";
		};
/* End PBXGroup section */

/* Begin PBXNativeTarget section */
		4D898EFC29F2EF550042C407 /* MVVMRxSwift */ = {
			isa = PBXNativeTarget;
			buildConfigurationList = 4D898F2729F2EF560042C407 /* Build configuration list for PBXNativeTarget "MVVMRxSwift" */;
			buildPhases = (
				FADCE41E49ECB0E87AC865B5 /* [CP] Check Pods Manifest.lock */,
				4D898EF929F2EF550042C407 /* Sources */,
				4D898EFA29F2EF550042C407 /* Frameworks */,
				4D898EFB29F2EF550042C407 /* Resources */,
				A543070136ECD5B2F7B44B40 /* [CP] Embed Pods Frameworks */,
				4D898F6129F39A830042C407 /* SwiftGen */,
			);
			buildRules = (
			);
			dependencies = (
			);
			name = MVVMRxSwift;
			productName = MVVMRxSwift;
			productReference = 4D898EFD29F2EF550042C407 /* MVVMRxSwift.app */;
			productType = "com.apple.product-type.application";
		};
		4D898F1229F2EF560042C407 /* MVVMRxSwiftTests */ = {
			isa = PBXNativeTarget;
			buildConfigurationList = 4D898F2A29F2EF560042C407 /* Build configuration list for PBXNativeTarget "MVVMRxSwiftTests" */;
			buildPhases = (
				A0E0483C81D8C41F366E0B0A /* [CP] Check Pods Manifest.lock */,
				4D898F0F29F2EF560042C407 /* Sources */,
				4D898F1029F2EF560042C407 /* Frameworks */,
				4D898F1129F2EF560042C407 /* Resources */,
			);
			buildRules = (
			);
			dependencies = (
				4D898F1529F2EF560042C407 /* PBXTargetDependency */,
			);
			name = MVVMRxSwiftTests;
			productName = MVVMRxSwiftTests;
			productReference = 4D898F1329F2EF560042C407 /* MVVMRxSwiftTests.xctest */;
			productType = "com.apple.product-type.bundle.unit-test";
		};
		4D898F1C29F2EF560042C407 /* MVVMRxSwiftUITests */ = {
			isa = PBXNativeTarget;
			buildConfigurationList = 4D898F2D29F2EF560042C407 /* Build configuration list for PBXNativeTarget "MVVMRxSwiftUITests" */;
			buildPhases = (
				2684A06C0E70A3F36A1D1DAE /* [CP] Check Pods Manifest.lock */,
				4D898F1929F2EF560042C407 /* Sources */,
				4D898F1A29F2EF560042C407 /* Frameworks */,
				4D898F1B29F2EF560042C407 /* Resources */,
				97E4461AD16367B729D785C6 /* [CP] Embed Pods Frameworks */,
			);
			buildRules = (
			);
			dependencies = (
				4D898F1F29F2EF560042C407 /* PBXTargetDependency */,
			);
			name = MVVMRxSwiftUITests;
			productName = MVVMRxSwiftUITests;
			productReference = 4D898F1D29F2EF560042C407 /* MVVMRxSwiftUITests.xctest */;
			productType = "com.apple.product-type.bundle.ui-testing";
		};
/* End PBXNativeTarget section */

/* Begin PBXProject section */
		4D898EF529F2EF550042C407 /* Project object */ = {
			isa = PBXProject;
			attributes = {
				BuildIndependentTargetsInParallel = 1;
				LastSwiftUpdateCheck = 1400;
				LastUpgradeCheck = 1400;
				TargetAttributes = {
					4D898EFC29F2EF550042C407 = {
						CreatedOnToolsVersion = 14.0;
					};
					4D898F1229F2EF560042C407 = {
						CreatedOnToolsVersion = 14.0;
						TestTargetID = 4D898EFC29F2EF550042C407;
					};
					4D898F1C29F2EF560042C407 = {
						CreatedOnToolsVersion = 14.0;
						TestTargetID = 4D898EFC29F2EF550042C407;
					};
				};
			};
			buildConfigurationList = 4D898EF829F2EF550042C407 /* Build configuration list for PBXProject "MVVMRxSwift" */;
			compatibilityVersion = "Xcode 14.0";
			developmentRegion = en;
			hasScannedForEncodings = 0;
			knownRegions = (
				en,
				Base,
				ja,
			);
			mainGroup = 4D898EF429F2EF550042C407;
			productRefGroup = 4D898EFE29F2EF550042C407 /* Products */;
			projectDirPath = "";
			projectRoot = "";
			targets = (
				4D898EFC29F2EF550042C407 /* MVVMRxSwift */,
				4D898F1229F2EF560042C407 /* MVVMRxSwiftTests */,
				4D898F1C29F2EF560042C407 /* MVVMRxSwiftUITests */,
			);
		};
/* End PBXProject section */

/* Begin PBXResourcesBuildPhase section */
		4D898EFB29F2EF550042C407 /* Resources */ = {
			isa = PBXResourcesBuildPhase;
			buildActionMask = 2147483647;
			files = (
				4D898F0D29F2EF560042C407 /* LaunchScreen.storyboard in Resources */,
				4D898F6929F39EA60042C407 /* Localizable.strings in Resources */,
				4D898F0A29F2EF560042C407 /* Assets.xcassets in Resources */,
				4D898F0829F2EF550042C407 /* Main.storyboard in Resources */,
				4D898F8429F417630042C407 /* PhotoCollectionViewCell.xib in Resources */,
				4D898F4429F38A050042C407 /* Setting.storyboard in Resources */,
				4D898F4829F38AC70042C407 /* Top.storyboard in Resources */,
			);
			runOnlyForDeploymentPostprocessing = 0;
		};
		4D898F1129F2EF560042C407 /* Resources */ = {
			isa = PBXResourcesBuildPhase;
			buildActionMask = 2147483647;
			files = (
			);
			runOnlyForDeploymentPostprocessing = 0;
		};
		4D898F1B29F2EF560042C407 /* Resources */ = {
			isa = PBXResourcesBuildPhase;
			buildActionMask = 2147483647;
			files = (
			);
			runOnlyForDeploymentPostprocessing = 0;
		};
/* End PBXResourcesBuildPhase section */

/* Begin PBXShellScriptBuildPhase section */
		2684A06C0E70A3F36A1D1DAE /* [CP] Check Pods Manifest.lock */ = {
			isa = PBXShellScriptBuildPhase;
			buildActionMask = 2147483647;
			files = (
			);
			inputFileListPaths = (
			);
			inputPaths = (
				"${PODS_PODFILE_DIR_PATH}/Podfile.lock",
				"${PODS_ROOT}/Manifest.lock",
			);
			name = "[CP] Check Pods Manifest.lock";
			outputFileListPaths = (
			);
			outputPaths = (
				"$(DERIVED_FILE_DIR)/Pods-MVVMRxSwift-MVVMRxSwiftUITests-checkManifestLockResult.txt",
			);
			runOnlyForDeploymentPostprocessing = 0;
			shellPath = /bin/sh;
			shellScript = "diff \"${PODS_PODFILE_DIR_PATH}/Podfile.lock\" \"${PODS_ROOT}/Manifest.lock\" > /dev/null\nif [ $? != 0 ] ; then\n    # print error to STDERR\n    echo \"error: The sandbox is not in sync with the Podfile.lock. Run 'pod install' or update your CocoaPods installation.\" >&2\n    exit 1\nfi\n# This output is used by Xcode 'outputs' to avoid re-running this script phase.\necho \"SUCCESS\" > \"${SCRIPT_OUTPUT_FILE_0}\"\n";
			showEnvVarsInLog = 0;
		};
		4D898F6129F39A830042C407 /* SwiftGen */ = {
			isa = PBXShellScriptBuildPhase;
			buildActionMask = 2147483647;
			files = (
			);
			inputFileListPaths = (
			);
			inputPaths = (
			);
			name = SwiftGen;
			outputFileListPaths = (
			);
			outputPaths = (
			);
			runOnlyForDeploymentPostprocessing = 0;
			shellPath = /bin/sh;
			shellScript = "if [[ -f \"${PODS_ROOT}/SwiftGen/bin/swiftgen\" ]]; then\n  $PODS_ROOT/SwiftGen/bin/swiftgen config run --config Scripts/swiftgen.yml\nelse\n  echo \"warning: SwiftGen is not installed. Run 'pod install --repo-update' to install it.\"\nfi\n";
		};
		97E4461AD16367B729D785C6 /* [CP] Embed Pods Frameworks */ = {
			isa = PBXShellScriptBuildPhase;
			buildActionMask = 2147483647;
			files = (
			);
			inputFileListPaths = (
				"${PODS_ROOT}/Target Support Files/Pods-MVVMRxSwift-MVVMRxSwiftUITests/Pods-MVVMRxSwift-MVVMRxSwiftUITests-frameworks-${CONFIGURATION}-input-files.xcfilelist",
			);
			name = "[CP] Embed Pods Frameworks";
			outputFileListPaths = (
				"${PODS_ROOT}/Target Support Files/Pods-MVVMRxSwift-MVVMRxSwiftUITests/Pods-MVVMRxSwift-MVVMRxSwiftUITests-frameworks-${CONFIGURATION}-output-files.xcfilelist",
			);
			runOnlyForDeploymentPostprocessing = 0;
			shellPath = /bin/sh;
			shellScript = "\"${PODS_ROOT}/Target Support Files/Pods-MVVMRxSwift-MVVMRxSwiftUITests/Pods-MVVMRxSwift-MVVMRxSwiftUITests-frameworks.sh\"\n";
			showEnvVarsInLog = 0;
		};
		A0E0483C81D8C41F366E0B0A /* [CP] Check Pods Manifest.lock */ = {
			isa = PBXShellScriptBuildPhase;
			buildActionMask = 2147483647;
			files = (
			);
			inputFileListPaths = (
			);
			inputPaths = (
				"${PODS_PODFILE_DIR_PATH}/Podfile.lock",
				"${PODS_ROOT}/Manifest.lock",
			);
			name = "[CP] Check Pods Manifest.lock";
			outputFileListPaths = (
			);
			outputPaths = (
				"$(DERIVED_FILE_DIR)/Pods-MVVMRxSwiftTests-checkManifestLockResult.txt",
			);
			runOnlyForDeploymentPostprocessing = 0;
			shellPath = /bin/sh;
			shellScript = "diff \"${PODS_PODFILE_DIR_PATH}/Podfile.lock\" \"${PODS_ROOT}/Manifest.lock\" > /dev/null\nif [ $? != 0 ] ; then\n    # print error to STDERR\n    echo \"error: The sandbox is not in sync with the Podfile.lock. Run 'pod install' or update your CocoaPods installation.\" >&2\n    exit 1\nfi\n# This output is used by Xcode 'outputs' to avoid re-running this script phase.\necho \"SUCCESS\" > \"${SCRIPT_OUTPUT_FILE_0}\"\n";
			showEnvVarsInLog = 0;
		};
		A543070136ECD5B2F7B44B40 /* [CP] Embed Pods Frameworks */ = {
			isa = PBXShellScriptBuildPhase;
			buildActionMask = 2147483647;
			files = (
			);
			inputFileListPaths = (
				"${PODS_ROOT}/Target Support Files/Pods-MVVMRxSwift/Pods-MVVMRxSwift-frameworks-${CONFIGURATION}-input-files.xcfilelist",
			);
			name = "[CP] Embed Pods Frameworks";
			outputFileListPaths = (
				"${PODS_ROOT}/Target Support Files/Pods-MVVMRxSwift/Pods-MVVMRxSwift-frameworks-${CONFIGURATION}-output-files.xcfilelist",
			);
			runOnlyForDeploymentPostprocessing = 0;
			shellPath = /bin/sh;
			shellScript = "\"${PODS_ROOT}/Target Support Files/Pods-MVVMRxSwift/Pods-MVVMRxSwift-frameworks.sh\"\n";
			showEnvVarsInLog = 0;
		};
		FADCE41E49ECB0E87AC865B5 /* [CP] Check Pods Manifest.lock */ = {
			isa = PBXShellScriptBuildPhase;
			buildActionMask = 2147483647;
			files = (
			);
			inputFileListPaths = (
			);
			inputPaths = (
				"${PODS_PODFILE_DIR_PATH}/Podfile.lock",
				"${PODS_ROOT}/Manifest.lock",
			);
			name = "[CP] Check Pods Manifest.lock";
			outputFileListPaths = (
			);
			outputPaths = (
				"$(DERIVED_FILE_DIR)/Pods-MVVMRxSwift-checkManifestLockResult.txt",
			);
			runOnlyForDeploymentPostprocessing = 0;
			shellPath = /bin/sh;
			shellScript = "diff \"${PODS_PODFILE_DIR_PATH}/Podfile.lock\" \"${PODS_ROOT}/Manifest.lock\" > /dev/null\nif [ $? != 0 ] ; then\n    # print error to STDERR\n    echo \"error: The sandbox is not in sync with the Podfile.lock. Run 'pod install' or update your CocoaPods installation.\" >&2\n    exit 1\nfi\n# This output is used by Xcode 'outputs' to avoid re-running this script phase.\necho \"SUCCESS\" > \"${SCRIPT_OUTPUT_FILE_0}\"\n";
			showEnvVarsInLog = 0;
		};
/* End PBXShellScriptBuildPhase section */

/* Begin PBXSourcesBuildPhase section */
		4D898EF929F2EF550042C407 /* Sources */ = {
			isa = PBXSourcesBuildPhase;
			buildActionMask = 2147483647;
			files = (
				4D898FBF29F55F240042C407 /* ViewModelType.swift in Sources */,
				4D898F9F29F423560042C407 /* UIImageView+.swift in Sources */,
				4D898F0529F2EF550042C407 /* ViewController.swift in Sources */,
				4D898FBB29F532E70042C407 /* Observable+.swift in Sources */,
				4D898F3A29F3824E0042C407 /* TopViewModel.swift in Sources */,
				4D898F9329F41B0B0042C407 /* RxSkeleton.swift in Sources */,
				4DC3CA0129F60F0F006A4E67 /* Date+.swift in Sources */,
				4D898F7629F3D7840042C407 /* APIProvider.swift in Sources */,
				4DC3C9F829F60E53006A4E67 /* AppShareData.swift in Sources */,
				4D898F7129F3A19F0042C407 /* Assets.swift in Sources */,
				4D898F9729F41B0B0042C407 /* ObservableType+Ex.swift in Sources */,
				4D898F9229F41B0B0042C407 /* RxCollectionViewSkeletonedReloadDataSource.swift in Sources */,
				4D898F5C29F38F5B0042C407 /* UIViewController+.swift in Sources */,
				4D898F7929F3D8360042C407 /* PhotosAPI.swift in Sources */,
				4D898F5329F38BEF0042C407 /* BaseViewController.swift in Sources */,
				4D898F4E29F38B690042C407 /* Constant.swift in Sources */,
				4D898F5A29F38E910042C407 /* ApplicationUtil.swift in Sources */,
				4D898F8629F418120042C407 /* UICollectionView+.swift in Sources */,
				4D898F9829F41B0B0042C407 /* RxTableViewSkeletonedDataSourceProxy.swift in Sources */,
				4D898F9529F41B0B0042C407 /* RxTableViewSkeletonedReloadDataSource.swift in Sources */,
				4D898F5629F38DDB0042C407 /* UIFont+.swift in Sources */,
				4D898F0129F2EF550042C407 /* AppDelegate.swift in Sources */,
				4DC3C9FC29F60E53006A4E67 /* NetworkConnection.swift in Sources */,
				4D898FBD29F54B3A0042C407 /* ActivityIndicator.swift in Sources */,
				4D898FB929F52FCD0042C407 /* ErrorTracker.swift in Sources */,
				4D898F9B29F41B0B0042C407 /* UICollectionView+Rx.swift in Sources */,
				4D898F4C29F38B460042C407 /* SettingViewController.swift in Sources */,
				4D898F5829F38E790042C407 /* ViewManager.swift in Sources */,
				4D898F5029F38B700042C407 /* EnumDefine.swift in Sources */,
				4DC3C9FD29F60E53006A4E67 /* NumberUtil.swift in Sources */,
				4D898F9429F41B0B0042C407 /* RxTableViewSkeletonedAnimatedDataSource.swift in Sources */,
				4D898F6029F391030042C407 /* UIApplication+.swift in Sources */,
				4D898F9A29F41B0B0042C407 /* RxCollectionViewSkeletonedAnimatedDataSource.swift in Sources */,
				4D898F4129F3888F0042C407 /* BaseNavigationViewController.swift in Sources */,
				4D898FB729F4E1100042C407 /* BouncyLayout.swift in Sources */,
				4D898F9629F41B0B0042C407 /* UITableView+Rx.swift in Sources */,
				4D898F9929F41B0B0042C407 /* RxCollectionViewSkeletonedDataSourceProxy.swift in Sources */,
				4D898F7B29F3D8750042C407 /* Photo.swift in Sources */,
				4DC3C9F929F60E53006A4E67 /* LocalNetworkAuthorization.swift in Sources */,
				4D898F8329F417630042C407 /* PhotoCollectionViewCell.swift in Sources */,
				4D898F7429F3D6AB0042C407 /* API.swift in Sources */,
				4D898F4629F38A830042C407 /* Storyboard.swift in Sources */,
				4D898F3C29F382870042C407 /* MainViewController.swift in Sources */,
				4D898F5E29F38FA60042C407 /* LocalizableString.swift in Sources */,
				4D898F7029F3A19F0042C407 /* Localizable.swift in Sources */,
				4D898F4A29F38AE00042C407 /* TopViewController.swift in Sources */,
			);
			runOnlyForDeploymentPostprocessing = 0;
		};
		4D898F0F29F2EF560042C407 /* Sources */ = {
			isa = PBXSourcesBuildPhase;
			buildActionMask = 2147483647;
			files = (
				4D898F1829F2EF560042C407 /* MVVMRxSwiftTests.swift in Sources */,
			);
			runOnlyForDeploymentPostprocessing = 0;
		};
		4D898F1929F2EF560042C407 /* Sources */ = {
			isa = PBXSourcesBuildPhase;
			buildActionMask = 2147483647;
			files = (
				4D898F2429F2EF560042C407 /* MVVMRxSwiftUITestsLaunchTests.swift in Sources */,
				4D898F2229F2EF560042C407 /* MVVMRxSwiftUITests.swift in Sources */,
			);
			runOnlyForDeploymentPostprocessing = 0;
		};
/* End PBXSourcesBuildPhase section */

/* Begin PBXTargetDependency section */
		4D898F1529F2EF560042C407 /* PBXTargetDependency */ = {
			isa = PBXTargetDependency;
			target = 4D898EFC29F2EF550042C407 /* MVVMRxSwift */;
			targetProxy = 4D898F1429F2EF560042C407 /* PBXContainerItemProxy */;
		};
		4D898F1F29F2EF560042C407 /* PBXTargetDependency */ = {
			isa = PBXTargetDependency;
			target = 4D898EFC29F2EF550042C407 /* MVVMRxSwift */;
			targetProxy = 4D898F1E29F2EF560042C407 /* PBXContainerItemProxy */;
		};
/* End PBXTargetDependency section */

/* Begin PBXVariantGroup section */
		4D898F0629F2EF550042C407 /* Main.storyboard */ = {
			isa = PBXVariantGroup;
			children = (
				4D898F0729F2EF550042C407 /* Base */,
			);
			name = Main.storyboard;
			sourceTree = "<group>";
		};
		4D898F0B29F2EF560042C407 /* LaunchScreen.storyboard */ = {
			isa = PBXVariantGroup;
			children = (
				4D898F0C29F2EF560042C407 /* Base */,
			);
			name = LaunchScreen.storyboard;
			sourceTree = "<group>";
		};
		4D898F6B29F39EA70042C407 /* Localizable.strings */ = {
			isa = PBXVariantGroup;
			children = (
				4D898F6A29F39EA70042C407 /* ja */,
				4D898F6C29F39EA90042C407 /* en */,
			);
			name = Localizable.strings;
			sourceTree = "<group>";
		};
/* End PBXVariantGroup section */

/* Begin XCBuildConfiguration section */
		4D898F2529F2EF560042C407 /* Debug */ = {
			isa = XCBuildConfiguration;
			buildSettings = {
				ALWAYS_SEARCH_USER_PATHS = NO;
				CLANG_ANALYZER_LOCALIZABILITY_NONLOCALIZED = YES;
				CLANG_ANALYZER_NONNULL = YES;
				CLANG_ANALYZER_NUMBER_OBJECT_CONVERSION = YES_AGGRESSIVE;
				CLANG_CXX_LANGUAGE_STANDARD = "gnu++20";
				CLANG_ENABLE_MODULES = YES;
				CLANG_ENABLE_OBJC_ARC = YES;
				CLANG_ENABLE_OBJC_WEAK = YES;
				CLANG_WARN_BLOCK_CAPTURE_AUTORELEASING = YES;
				CLANG_WARN_BOOL_CONVERSION = YES;
				CLANG_WARN_COMMA = YES;
				CLANG_WARN_CONSTANT_CONVERSION = YES;
				CLANG_WARN_DEPRECATED_OBJC_IMPLEMENTATIONS = YES;
				CLANG_WARN_DIRECT_OBJC_ISA_USAGE = YES_ERROR;
				CLANG_WARN_DOCUMENTATION_COMMENTS = YES;
				CLANG_WARN_EMPTY_BODY = YES;
				CLANG_WARN_ENUM_CONVERSION = YES;
				CLANG_WARN_INFINITE_RECURSION = YES;
				CLANG_WARN_INT_CONVERSION = YES;
				CLANG_WARN_NON_LITERAL_NULL_CONVERSION = YES;
				CLANG_WARN_OBJC_IMPLICIT_RETAIN_SELF = YES;
				CLANG_WARN_OBJC_LITERAL_CONVERSION = YES;
				CLANG_WARN_OBJC_ROOT_CLASS = YES_ERROR;
				CLANG_WARN_QUOTED_INCLUDE_IN_FRAMEWORK_HEADER = YES;
				CLANG_WARN_RANGE_LOOP_ANALYSIS = YES;
				CLANG_WARN_STRICT_PROTOTYPES = YES;
				CLANG_WARN_SUSPICIOUS_MOVE = YES;
				CLANG_WARN_UNGUARDED_AVAILABILITY = YES_AGGRESSIVE;
				CLANG_WARN_UNREACHABLE_CODE = YES;
				CLANG_WARN__DUPLICATE_METHOD_MATCH = YES;
				COPY_PHASE_STRIP = NO;
				DEBUG_INFORMATION_FORMAT = dwarf;
				ENABLE_STRICT_OBJC_MSGSEND = YES;
				ENABLE_TESTABILITY = YES;
				GCC_C_LANGUAGE_STANDARD = gnu11;
				GCC_DYNAMIC_NO_PIC = NO;
				GCC_NO_COMMON_BLOCKS = YES;
				GCC_OPTIMIZATION_LEVEL = 0;
				GCC_PREPROCESSOR_DEFINITIONS = (
					"DEBUG=1",
					"$(inherited)",
				);
				GCC_WARN_64_TO_32_BIT_CONVERSION = YES;
				GCC_WARN_ABOUT_RETURN_TYPE = YES_ERROR;
				GCC_WARN_UNDECLARED_SELECTOR = YES;
				GCC_WARN_UNINITIALIZED_AUTOS = YES_AGGRESSIVE;
				GCC_WARN_UNUSED_FUNCTION = YES;
				GCC_WARN_UNUSED_VARIABLE = YES;
				IPHONEOS_DEPLOYMENT_TARGET = 11.0;
				MTL_ENABLE_DEBUG_INFO = INCLUDE_SOURCE;
				MTL_FAST_MATH = YES;
				ONLY_ACTIVE_ARCH = YES;
				SDKROOT = iphoneos;
				SWIFT_ACTIVE_COMPILATION_CONDITIONS = DEBUG;
				SWIFT_OPTIMIZATION_LEVEL = "-Onone";
			};
			name = Debug;
		};
		4D898F2629F2EF560042C407 /* Release */ = {
			isa = XCBuildConfiguration;
			buildSettings = {
				ALWAYS_SEARCH_USER_PATHS = NO;
				CLANG_ANALYZER_LOCALIZABILITY_NONLOCALIZED = YES;
				CLANG_ANALYZER_NONNULL = YES;
				CLANG_ANALYZER_NUMBER_OBJECT_CONVERSION = YES_AGGRESSIVE;
				CLANG_CXX_LANGUAGE_STANDARD = "gnu++20";
				CLANG_ENABLE_MODULES = YES;
				CLANG_ENABLE_OBJC_ARC = YES;
				CLANG_ENABLE_OBJC_WEAK = YES;
				CLANG_WARN_BLOCK_CAPTURE_AUTORELEASING = YES;
				CLANG_WARN_BOOL_CONVERSION = YES;
				CLANG_WARN_COMMA = YES;
				CLANG_WARN_CONSTANT_CONVERSION = YES;
				CLANG_WARN_DEPRECATED_OBJC_IMPLEMENTATIONS = YES;
				CLANG_WARN_DIRECT_OBJC_ISA_USAGE = YES_ERROR;
				CLANG_WARN_DOCUMENTATION_COMMENTS = YES;
				CLANG_WARN_EMPTY_BODY = YES;
				CLANG_WARN_ENUM_CONVERSION = YES;
				CLANG_WARN_INFINITE_RECURSION = YES;
				CLANG_WARN_INT_CONVERSION = YES;
				CLANG_WARN_NON_LITERAL_NULL_CONVERSION = YES;
				CLANG_WARN_OBJC_IMPLICIT_RETAIN_SELF = YES;
				CLANG_WARN_OBJC_LITERAL_CONVERSION = YES;
				CLANG_WARN_OBJC_ROOT_CLASS = YES_ERROR;
				CLANG_WARN_QUOTED_INCLUDE_IN_FRAMEWORK_HEADER = YES;
				CLANG_WARN_RANGE_LOOP_ANALYSIS = YES;
				CLANG_WARN_STRICT_PROTOTYPES = YES;
				CLANG_WARN_SUSPICIOUS_MOVE = YES;
				CLANG_WARN_UNGUARDED_AVAILABILITY = YES_AGGRESSIVE;
				CLANG_WARN_UNREACHABLE_CODE = YES;
				CLANG_WARN__DUPLICATE_METHOD_MATCH = YES;
				COPY_PHASE_STRIP = NO;
				DEBUG_INFORMATION_FORMAT = "dwarf-with-dsym";
				ENABLE_NS_ASSERTIONS = NO;
				ENABLE_STRICT_OBJC_MSGSEND = YES;
				GCC_C_LANGUAGE_STANDARD = gnu11;
				GCC_NO_COMMON_BLOCKS = YES;
				GCC_WARN_64_TO_32_BIT_CONVERSION = YES;
				GCC_WARN_ABOUT_RETURN_TYPE = YES_ERROR;
				GCC_WARN_UNDECLARED_SELECTOR = YES;
				GCC_WARN_UNINITIALIZED_AUTOS = YES_AGGRESSIVE;
				GCC_WARN_UNUSED_FUNCTION = YES;
				GCC_WARN_UNUSED_VARIABLE = YES;
				IPHONEOS_DEPLOYMENT_TARGET = 11.0;
				MTL_ENABLE_DEBUG_INFO = NO;
				MTL_FAST_MATH = YES;
				SDKROOT = iphoneos;
				SWIFT_COMPILATION_MODE = wholemodule;
				SWIFT_OPTIMIZATION_LEVEL = "-O";
				VALIDATE_PRODUCT = YES;
			};
			name = Release;
		};
		4D898F2829F2EF560042C407 /* Debug */ = {
			isa = XCBuildConfiguration;
			baseConfigurationReference = 479F76FA92FBF4889010A5CC /* Pods-MVVMRxSwift.debug.xcconfig */;
			buildSettings = {
				ASSETCATALOG_COMPILER_APPICON_NAME = AppIcon;
				ASSETCATALOG_COMPILER_GLOBAL_ACCENT_COLOR_NAME = AccentColor;
				CODE_SIGN_STYLE = Automatic;
				CURRENT_PROJECT_VERSION = 1;
				DEVELOPMENT_TEAM = 62R3ZN8B42;
				GENERATE_INFOPLIST_FILE = YES;
				INFOPLIST_FILE = MVVMRxSwift/Info.plist;
				INFOPLIST_KEY_UIApplicationSupportsIndirectInputEvents = YES;
				INFOPLIST_KEY_UILaunchStoryboardName = LaunchScreen;
				INFOPLIST_KEY_UIMainStoryboardFile = Main;
				INFOPLIST_KEY_UISupportedInterfaceOrientations_iPad = "UIInterfaceOrientationPortrait UIInterfaceOrientationPortraitUpsideDown UIInterfaceOrientationLandscapeLeft UIInterfaceOrientationLandscapeRight";
				INFOPLIST_KEY_UISupportedInterfaceOrientations_iPhone = "UIInterfaceOrientationPortrait UIInterfaceOrientationLandscapeLeft UIInterfaceOrientationLandscapeRight";
				LD_RUNPATH_SEARCH_PATHS = (
					"$(inherited)",
					"@executable_path/Frameworks",
				);
				MARKETING_VERSION = 1.0;
				PRODUCT_BUNDLE_IDENTIFIER = com.tannd.MVVMRxSwift;
				PRODUCT_NAME = "$(TARGET_NAME)";
				SUPPORTED_PLATFORMS = "iphoneos iphonesimulator";
				SUPPORTS_MACCATALYST = NO;
				SUPPORTS_MAC_DESIGNED_FOR_IPHONE_IPAD = NO;
				SWIFT_EMIT_LOC_STRINGS = YES;
				SWIFT_VERSION = 5.0;
				TARGETED_DEVICE_FAMILY = "1,2";
			};
			name = Debug;
		};
		4D898F2929F2EF560042C407 /* Release */ = {
			isa = XCBuildConfiguration;
			baseConfigurationReference = B6B1C4D152814AAEDF0E4278 /* Pods-MVVMRxSwift.release.xcconfig */;
			buildSettings = {
				ASSETCATALOG_COMPILER_APPICON_NAME = AppIcon;
				ASSETCATALOG_COMPILER_GLOBAL_ACCENT_COLOR_NAME = AccentColor;
				CODE_SIGN_STYLE = Automatic;
				CURRENT_PROJECT_VERSION = 1;
				DEVELOPMENT_TEAM = 62R3ZN8B42;
				GENERATE_INFOPLIST_FILE = YES;
				INFOPLIST_FILE = MVVMRxSwift/Info.plist;
				INFOPLIST_KEY_UIApplicationSupportsIndirectInputEvents = YES;
				INFOPLIST_KEY_UILaunchStoryboardName = LaunchScreen;
				INFOPLIST_KEY_UIMainStoryboardFile = Main;
				INFOPLIST_KEY_UISupportedInterfaceOrientations_iPad = "UIInterfaceOrientationPortrait UIInterfaceOrientationPortraitUpsideDown UIInterfaceOrientationLandscapeLeft UIInterfaceOrientationLandscapeRight";
				INFOPLIST_KEY_UISupportedInterfaceOrientations_iPhone = "UIInterfaceOrientationPortrait UIInterfaceOrientationLandscapeLeft UIInterfaceOrientationLandscapeRight";
				LD_RUNPATH_SEARCH_PATHS = (
					"$(inherited)",
					"@executable_path/Frameworks",
				);
				MARKETING_VERSION = 1.0;
				PRODUCT_BUNDLE_IDENTIFIER = com.tannd.MVVMRxSwift;
				PRODUCT_NAME = "$(TARGET_NAME)";
				SUPPORTED_PLATFORMS = "iphoneos iphonesimulator";
				SUPPORTS_MACCATALYST = NO;
				SUPPORTS_MAC_DESIGNED_FOR_IPHONE_IPAD = NO;
				SWIFT_EMIT_LOC_STRINGS = YES;
				SWIFT_VERSION = 5.0;
				TARGETED_DEVICE_FAMILY = "1,2";
			};
			name = Release;
		};
		4D898F2B29F2EF560042C407 /* Debug */ = {
			isa = XCBuildConfiguration;
			baseConfigurationReference = 1B59CF1780079AFC112821DC /* Pods-MVVMRxSwiftTests.debug.xcconfig */;
			buildSettings = {
				ALWAYS_EMBED_SWIFT_STANDARD_LIBRARIES = YES;
				BUNDLE_LOADER = "$(TEST_HOST)";
				CODE_SIGN_STYLE = Automatic;
				CURRENT_PROJECT_VERSION = 1;
				DEVELOPMENT_TEAM = 62R3ZN8B42;
				GENERATE_INFOPLIST_FILE = YES;
				IPHONEOS_DEPLOYMENT_TARGET = 16.0;
				MARKETING_VERSION = 1.0;
				PRODUCT_BUNDLE_IDENTIFIER = com.tannd.MVVMRxSwiftTests;
				PRODUCT_NAME = "$(TARGET_NAME)";
				SWIFT_EMIT_LOC_STRINGS = NO;
				SWIFT_VERSION = 5.0;
				TARGETED_DEVICE_FAMILY = "1,2";
				TEST_HOST = "$(BUILT_PRODUCTS_DIR)/MVVMRxSwift.app/$(BUNDLE_EXECUTABLE_FOLDER_PATH)/MVVMRxSwift";
			};
			name = Debug;
		};
		4D898F2C29F2EF560042C407 /* Release */ = {
			isa = XCBuildConfiguration;
			baseConfigurationReference = EADF7A0C10B433E2096C4276 /* Pods-MVVMRxSwiftTests.release.xcconfig */;
			buildSettings = {
				ALWAYS_EMBED_SWIFT_STANDARD_LIBRARIES = YES;
				BUNDLE_LOADER = "$(TEST_HOST)";
				CODE_SIGN_STYLE = Automatic;
				CURRENT_PROJECT_VERSION = 1;
				DEVELOPMENT_TEAM = 62R3ZN8B42;
				GENERATE_INFOPLIST_FILE = YES;
				IPHONEOS_DEPLOYMENT_TARGET = 16.0;
				MARKETING_VERSION = 1.0;
				PRODUCT_BUNDLE_IDENTIFIER = com.tannd.MVVMRxSwiftTests;
				PRODUCT_NAME = "$(TARGET_NAME)";
				SWIFT_EMIT_LOC_STRINGS = NO;
				SWIFT_VERSION = 5.0;
				TARGETED_DEVICE_FAMILY = "1,2";
				TEST_HOST = "$(BUILT_PRODUCTS_DIR)/MVVMRxSwift.app/$(BUNDLE_EXECUTABLE_FOLDER_PATH)/MVVMRxSwift";
			};
			name = Release;
		};
		4D898F2E29F2EF560042C407 /* Debug */ = {
			isa = XCBuildConfiguration;
			baseConfigurationReference = 1375637BB9C7470FC165789C /* Pods-MVVMRxSwift-MVVMRxSwiftUITests.debug.xcconfig */;
			buildSettings = {
				ALWAYS_EMBED_SWIFT_STANDARD_LIBRARIES = YES;
				CODE_SIGN_STYLE = Automatic;
				CURRENT_PROJECT_VERSION = 1;
				DEVELOPMENT_TEAM = 62R3ZN8B42;
				GENERATE_INFOPLIST_FILE = YES;
				MARKETING_VERSION = 1.0;
				PRODUCT_BUNDLE_IDENTIFIER = com.tannd.MVVMRxSwiftUITests;
				PRODUCT_NAME = "$(TARGET_NAME)";
				SWIFT_EMIT_LOC_STRINGS = NO;
				SWIFT_VERSION = 5.0;
				TARGETED_DEVICE_FAMILY = "1,2";
				TEST_TARGET_NAME = MVVMRxSwift;
			};
			name = Debug;
		};
		4D898F2F29F2EF560042C407 /* Release */ = {
			isa = XCBuildConfiguration;
			baseConfigurationReference = 723E2E465E303751DA9E186A /* Pods-MVVMRxSwift-MVVMRxSwiftUITests.release.xcconfig */;
			buildSettings = {
				ALWAYS_EMBED_SWIFT_STANDARD_LIBRARIES = YES;
				CODE_SIGN_STYLE = Automatic;
				CURRENT_PROJECT_VERSION = 1;
				DEVELOPMENT_TEAM = 62R3ZN8B42;
				GENERATE_INFOPLIST_FILE = YES;
				MARKETING_VERSION = 1.0;
				PRODUCT_BUNDLE_IDENTIFIER = com.tannd.MVVMRxSwiftUITests;
				PRODUCT_NAME = "$(TARGET_NAME)";
				SWIFT_EMIT_LOC_STRINGS = NO;
				SWIFT_VERSION = 5.0;
				TARGETED_DEVICE_FAMILY = "1,2";
				TEST_TARGET_NAME = MVVMRxSwift;
			};
			name = Release;
		};
/* End XCBuildConfiguration section */

/* Begin XCConfigurationList section */
		4D898EF829F2EF550042C407 /* Build configuration list for PBXProject "MVVMRxSwift" */ = {
			isa = XCConfigurationList;
			buildConfigurations = (
				4D898F2529F2EF560042C407 /* Debug */,
				4D898F2629F2EF560042C407 /* Release */,
			);
			defaultConfigurationIsVisible = 0;
			defaultConfigurationName = Release;
		};
		4D898F2729F2EF560042C407 /* Build configuration list for PBXNativeTarget "MVVMRxSwift" */ = {
			isa = XCConfigurationList;
			buildConfigurations = (
				4D898F2829F2EF560042C407 /* Debug */,
				4D898F2929F2EF560042C407 /* Release */,
			);
			defaultConfigurationIsVisible = 0;
			defaultConfigurationName = Release;
		};
		4D898F2A29F2EF560042C407 /* Build configuration list for PBXNativeTarget "MVVMRxSwiftTests" */ = {
			isa = XCConfigurationList;
			buildConfigurations = (
				4D898F2B29F2EF560042C407 /* Debug */,
				4D898F2C29F2EF560042C407 /* Release */,
			);
			defaultConfigurationIsVisible = 0;
			defaultConfigurationName = Release;
		};
		4D898F2D29F2EF560042C407 /* Build configuration list for PBXNativeTarget "MVVMRxSwiftUITests" */ = {
			isa = XCConfigurationList;
			buildConfigurations = (
				4D898F2E29F2EF560042C407 /* Debug */,
				4D898F2F29F2EF560042C407 /* Release */,
			);
			defaultConfigurationIsVisible = 0;
			defaultConfigurationName = Release;
		};
/* End XCConfigurationList section */
	};
	rootObject = 4D898EF529F2EF550042C407 /* Project object */;
}
